// !$*UTF8*$!
{
	archiveVersion = 1;
	classes = {
	};
	objectVersion = 46;
	objects = {

/* Begin PBXBuildFile section */
		27E8C19D19DF0C0A00587143 /* Stroyboard.storyboard in Resources */ = {isa = PBXBuildFile; fileRef = 27E8C19B19DF0C0A00587143 /* Stroyboard.storyboard */; };
		27E8C19F19DF0C0A00587143 /* Images.xcassets in Resources */ = {isa = PBXBuildFile; fileRef = 27E8C19E19DF0C0A00587143 /* Images.xcassets */; };
		27E8C1A219DF0C0A00587143 /* LaunchScreen.xib in Resources */ = {isa = PBXBuildFile; fileRef = 27E8C1A019DF0C0A00587143 /* LaunchScreen.xib */; };
		27E8C1AE19DF0C0A00587143 /* TodoApp3Tests.swift in Sources */ = {isa = PBXBuildFile; fileRef = 27E8C1AD19DF0C0A00587143 /* TodoApp3Tests.swift */; };
		27E8C1BC19DF0C3C00587143 /* AppDelegate.swift in Sources */ = {isa = PBXBuildFile; fileRef = 27E8C1B819DF0C3C00587143 /* AppDelegate.swift */; };
		27E8C1BD19DF0C3C00587143 /* MasterTableViewController.swift in Sources */ = {isa = PBXBuildFile; fileRef = 27E8C1B919DF0C3C00587143 /* MasterTableViewController.swift */; };
		27E8C1BE19DF0C3C00587143 /* AddViewController.swift in Sources */ = {isa = PBXBuildFile; fileRef = 27E8C1BA19DF0C3C00587143 /* AddViewController.swift */; };
		27E8C1BF19DF0C3C00587143 /* DetailViewController.swift in Sources */ = {isa = PBXBuildFile; fileRef = 27E8C1BB19DF0C3C00587143 /* DetailViewController.swift */; };
/* End PBXBuildFile section */

/* Begin PBXContainerItemProxy section */
		27E8C1A819DF0C0A00587143 /* PBXContainerItemProxy */ = {
			isa = PBXContainerItemProxy;
			containerPortal = 27E8C18A19DF0C0A00587143 /* Project object */;
			proxyType = 1;
			remoteGlobalIDString = 27E8C19119DF0C0A00587143;
			remoteInfo = TodoApp3;
		};
/* End PBXContainerItemProxy section */

/* Begin PBXFileReference section */
		27E8C19219DF0C0A00587143 /* TodoApp3.app */ = {isa = PBXFileReference; explicitFileType = wrapper.application; includeInIndex = 0; path = TodoApp3.app; sourceTree = BUILT_PRODUCTS_DIR; };
		27E8C19619DF0C0A00587143 /* Info.plist */ = {isa = PBXFileReference; lastKnownFileType = text.plist.xml; path = Info.plist; sourceTree = "<group>"; };
		27E8C19C19DF0C0A00587143 /* Base */ = {isa = PBXFileReference; lastKnownFileType = file.storyboard; name = Base; path = Base.lproj/Stroyboard.storyboard; sourceTree = "<group>"; };
		27E8C19E19DF0C0A00587143 /* Images.xcassets */ = {isa = PBXFileReference; lastKnownFileType = folder.assetcatalog; path = Images.xcassets; sourceTree = "<group>"; };
		27E8C1A119DF0C0A00587143 /* Base */ = {isa = PBXFileReference; lastKnownFileType = file.xib; name = Base; path = Base.lproj/LaunchScreen.xib; sourceTree = "<group>"; };
		27E8C1A719DF0C0A00587143 /* TodoApp3Tests.xctest */ = {isa = PBXFileReference; explicitFileType = wrapper.cfbundle; includeInIndex = 0; path = TodoApp3Tests.xctest; sourceTree = BUILT_PRODUCTS_DIR; };
		27E8C1AC19DF0C0A00587143 /* Info.plist */ = {isa = PBXFileReference; lastKnownFileType = text.plist.xml; path = Info.plist; sourceTree = "<group>"; };
		27E8C1AD19DF0C0A00587143 /* TodoApp3Tests.swift */ = {isa = PBXFileReference; lastKnownFileType = sourcecode.swift; path = TodoApp3Tests.swift; sourceTree = "<group>"; };
		27E8C1B719DF0C3B00587143 /* TodoApp3-Bridging-Header.h */ = {isa = PBXFileReference; lastKnownFileType = sourcecode.c.h; path = "TodoApp3-Bridging-Header.h"; sourceTree = "<group>"; };
		27E8C1B819DF0C3C00587143 /* AppDelegate.swift */ = {isa = PBXFileReference; fileEncoding = 4; lastKnownFileType = sourcecode.swift; path = AppDelegate.swift; sourceTree = "<group>"; };
		27E8C1B919DF0C3C00587143 /* MasterTableViewController.swift */ = {isa = PBXFileReference; fileEncoding = 4; lastKnownFileType = sourcecode.swift; path = MasterTableViewController.swift; sourceTree = "<group>"; };
		27E8C1BA19DF0C3C00587143 /* AddViewController.swift */ = {isa = PBXFileReference; fileEncoding = 4; lastKnownFileType = sourcecode.swift; path = AddViewController.swift; sourceTree = "<group>"; };
		27E8C1BB19DF0C3C00587143 /* DetailViewController.swift */ = {isa = PBXFileReference; fileEncoding = 4; lastKnownFileType = sourcecode.swift; path = DetailViewController.swift; sourceTree = "<group>"; };
/* End PBXFileReference section */

/* Begin PBXFrameworksBuildPhase section */
		27E8C18F19DF0C0A00587143 /* Frameworks */ = {
			isa = PBXFrameworksBuildPhase;
			buildActionMask = 2147483647;
			files = (
			);
			runOnlyForDeploymentPostprocessing = 0;
		};
		27E8C1A419DF0C0A00587143 /* Frameworks */ = {
			isa = PBXFrameworksBuildPhase;
			buildActionMask = 2147483647;
			files = (
			);
			runOnlyForDeploymentPostprocessing = 0;
		};
/* End PBXFrameworksBuildPhase section */

/* Begin PBXGroup section */
		27E8C18919DF0C0A00587143 = {
			isa = PBXGroup;
			children = (
				27E8C19419DF0C0A00587143 /* TodoApp3 */,
				27E8C1AA19DF0C0A00587143 /* TodoApp3Tests */,
				27E8C19319DF0C0A00587143 /* Products */,
			);
			sourceTree = "<group>";
		};
		27E8C19319DF0C0A00587143 /* Products */ = {
			isa = PBXGroup;
			children = (
				27E8C19219DF0C0A00587143 /* TodoApp3.app */,
				27E8C1A719DF0C0A00587143 /* TodoApp3Tests.xctest */,
			);
			name = Products;
			sourceTree = "<group>";
		};
		27E8C19419DF0C0A00587143 /* TodoApp3 */ = {
			isa = PBXGroup;
			children = (
				27E8C1B819DF0C3C00587143 /* AppDelegate.swift */,
				27E8C1B919DF0C3C00587143 /* MasterTableViewController.swift */,
				27E8C1BA19DF0C3C00587143 /* AddViewController.swift */,
				27E8C1BB19DF0C3C00587143 /* DetailViewController.swift */,
				27E8C19B19DF0C0A00587143 /* Stroyboard.storyboard */,
				27E8C19E19DF0C0A00587143 /* Images.xcassets */,
				27E8C1A019DF0C0A00587143 /* LaunchScreen.xib */,
				27E8C19519DF0C0A00587143 /* Supporting Files */,
				27E8C1B719DF0C3B00587143 /* TodoApp3-Bridging-Header.h */,
			);
			path = TodoApp3;
			sourceTree = "<group>";
		};
		27E8C19519DF0C0A00587143 /* Supporting Files */ = {
			isa = PBXGroup;
			children = (
				27E8C19619DF0C0A00587143 /* Info.plist */,
			);
			name = "Supporting Files";
			sourceTree = "<group>";
		};
		27E8C1AA19DF0C0A00587143 /* TodoApp3Tests */ = {
			isa = PBXGroup;
			children = (
				27E8C1AD19DF0C0A00587143 /* TodoApp3Tests.swift */,
				27E8C1AB19DF0C0A00587143 /* Supporting Files */,
			);
			path = TodoApp3Tests;
			sourceTree = "<group>";
		};
		27E8C1AB19DF0C0A00587143 /* Supporting Files */ = {
			isa = PBXGroup;
			children = (
				27E8C1AC19DF0C0A00587143 /* Info.plist */,
			);
			name = "Supporting Files";
			sourceTree = "<group>";
		};
/* End PBXGroup section */

/* Begin PBXNativeTarget section */
		27E8C19119DF0C0A00587143 /* TodoApp3 */ = {
			isa = PBXNativeTarget;
			buildConfigurationList = 27E8C1B119DF0C0A00587143 /* Build configuration list for PBXNativeTarget "TodoApp3" */;
			buildPhases = (
				27E8C18E19DF0C0A00587143 /* Sources */,
				27E8C18F19DF0C0A00587143 /* Frameworks */,
				27E8C19019DF0C0A00587143 /* Resources */,
			);
			buildRules = (
			);
			dependencies = (
			);
			name = TodoApp3;
			productName = TodoApp3;
			productReference = 27E8C19219DF0C0A00587143 /* TodoApp3.app */;
			productType = "com.apple.product-type.application";
		};
		27E8C1A619DF0C0A00587143 /* TodoApp3Tests */ = {
			isa = PBXNativeTarget;
			buildConfigurationList = 27E8C1B419DF0C0B00587143 /* Build configuration list for PBXNativeTarget "TodoApp3Tests" */;
			buildPhases = (
				27E8C1A319DF0C0A00587143 /* Sources */,
				27E8C1A419DF0C0A00587143 /* Frameworks */,
				27E8C1A519DF0C0A00587143 /* Resources */,
			);
			buildRules = (
			);
			dependencies = (
				27E8C1A919DF0C0A00587143 /* PBXTargetDependency */,
			);
			name = TodoApp3Tests;
			productName = TodoApp3Tests;
			productReference = 27E8C1A719DF0C0A00587143 /* TodoApp3Tests.xctest */;
			productType = "com.apple.product-type.bundle.unit-test";
		};
/* End PBXNativeTarget section */

/* Begin PBXProject section */
		27E8C18A19DF0C0A00587143 /* Project object */ = {
			isa = PBXProject;
			attributes = {
				LastUpgradeCheck = 0600;
				ORGANIZATIONNAME = "Michael Kostek";
				TargetAttributes = {
					27E8C19119DF0C0A00587143 = {
						CreatedOnToolsVersion = 6.0.1;
					};
					27E8C1A619DF0C0A00587143 = {
						CreatedOnToolsVersion = 6.0.1;
						TestTargetID = 27E8C19119DF0C0A00587143;
					};
				};
			};
			buildConfigurationList = 27E8C18D19DF0C0A00587143 /* Build configuration list for PBXProject "TodoApp3" */;
			compatibilityVersion = "Xcode 3.2";
			developmentRegion = English;
			hasScannedForEncodings = 0;
			knownRegions = (
				en,
				Base,
			);
			mainGroup = 27E8C18919DF0C0A00587143;
			productRefGroup = 27E8C19319DF0C0A00587143 /* Products */;
			projectDirPath = "";
			projectRoot = "";
			targets = (
				27E8C19119DF0C0A00587143 /* TodoApp3 */,
				27E8C1A619DF0C0A00587143 /* TodoApp3Tests */,
			);
		};
/* End PBXProject section */

/* Begin PBXResourcesBuildPhase section */
		27E8C19019DF0C0A00587143 /* Resources */ = {
			isa = PBXResourcesBuildPhase;
			buildActionMask = 2147483647;
			files = (
				27E8C19D19DF0C0A00587143 /* Stroyboard.storyboard in Resources */,
				27E8C1A219DF0C0A00587143 /* LaunchScreen.xib in Resources */,
				27E8C19F19DF0C0A00587143 /* Images.xcassets in Resources */,
			);
			runOnlyForDeploymentPostprocessing = 0;
		};
		27E8C1A519DF0C0A00587143 /* Resources */ = {
			isa = PBXResourcesBuildPhase;
			buildActionMask = 2147483647;
			files = (
			);
			runOnlyForDeploymentPostprocessing = 0;
		};
/* End PBXResourcesBuildPhase section */

/* Begin PBXSourcesBuildPhase section */
		27E8C18E19DF0C0A00587143 /* Sources */ = {
			isa = PBXSourcesBuildPhase;
			buildActionMask = 2147483647;
			files = (
				27E8C1BC19DF0C3C00587143 /* AppDelegate.swift in Sources */,
				27E8C1BD19DF0C3C00587143 /* MasterTableViewController.swift in Sources */,
				27E8C1BE19DF0C3C00587143 /* AddViewController.swift in Sources */,
				27E8C1BF19DF0C3C00587143 /* DetailViewController.swift in Sources */,
			);
			runOnlyForDeploymentPostprocessing = 0;
		};
		27E8C1A319DF0C0A00587143 /* Sources */ = {
			isa = PBXSourcesBuildPhase;
			buildActionMask = 2147483647;
			files = (
				27E8C1AE19DF0C0A00587143 /* TodoApp3Tests.swift in Sources */,
			);
			runOnlyForDeploymentPostprocessing = 0;
		};
/* End PBXSourcesBuildPhase section */

/* Begin PBXTargetDependency section */
		27E8C1A919DF0C0A00587143 /* PBXTargetDependency */ = {
			isa = PBXTargetDependency;
			target = 27E8C19119DF0C0A00587143 /* TodoApp3 */;
			targetProxy = 27E8C1A819DF0C0A00587143 /* PBXContainerItemProxy */;
		};
/* End PBXTargetDependency section */

/* Begin PBXVariantGroup section */
		27E8C19B19DF0C0A00587143 /* Stroyboard.storyboard */ = {
			isa = PBXVariantGroup;
			children = (
				27E8C19C19DF0C0A00587143 /* Base */,
			);
			name = Stroyboard.storyboard;
			sourceTree = "<group>";
		};
		27E8C1A019DF0C0A00587143 /* LaunchScreen.xib */ = {
			isa = PBXVariantGroup;
			children = (
				27E8C1A119DF0C0A00587143 /* Base */,
			);
			name = LaunchScreen.xib;
			sourceTree = "<group>";
		};
/* End PBXVariantGroup section */

/* Begin XCBuildConfiguration section */
		27E8C1AF19DF0C0A00587143 /* Debug */ = {
			isa = XCBuildConfiguration;
			buildSettings = {
				ALWAYS_SEARCH_USER_PATHS = NO;
				CLANG_CXX_LANGUAGE_STANDARD = "gnu++0x";
				CLANG_CXX_LIBRARY = "libc++";
				CLANG_ENABLE_MODULES = YES;
				CLANG_ENABLE_OBJC_ARC = YES;
				CLANG_WARN_BOOL_CONVERSION = YES;
				CLANG_WARN_CONSTANT_CONVERSION = YES;
				CLANG_WARN_DIRECT_OBJC_ISA_USAGE = YES_ERROR;
				CLANG_WARN_EMPTY_BODY = YES;
				CLANG_WARN_ENUM_CONVERSION = YES;
				CLANG_WARN_INT_CONVERSION = YES;
				CLANG_WARN_OBJC_ROOT_CLASS = YES_ERROR;
				CLANG_WARN_UNREACHABLE_CODE = YES;
				CLANG_WARN__DUPLICATE_METHOD_MATCH = YES;
				"CODE_SIGN_IDENTITY[sdk=iphoneos*]" = "iPhone Developer";
				COPY_PHASE_STRIP = NO;
				ENABLE_STRICT_OBJC_MSGSEND = YES;
				GCC_C_LANGUAGE_STANDARD = gnu99;
				GCC_DYNAMIC_NO_PIC = NO;
				GCC_OPTIMIZATION_LEVEL = 0;
				GCC_PREPROCESSOR_DEFINITIONS = (
					"DEBUG=1",
					"$(inherited)",
				);
				GCC_SYMBOLS_PRIVATE_EXTERN = NO;
				GCC_WARN_64_TO_32_BIT_CONVERSION = YES;
				GCC_WARN_ABOUT_RETURN_TYPE = YES_ERROR;
				GCC_WARN_UNDECLARED_SELECTOR = YES;
				GCC_WARN_UNINITIALIZED_AUTOS = YES_AGGRESSIVE;
				GCC_WARN_UNUSED_FUNCTION = YES;
				GCC_WARN_UNUSED_VARIABLE = YES;
				IPHONEOS_DEPLOYMENT_TARGET = 8.0;
				MTL_ENABLE_DEBUG_INFO = YES;
				ONLY_ACTIVE_ARCH = YES;
				SDKROOT = iphoneos;
				SWIFT_OPTIMIZATION_LEVEL = "-Onone";
			};
			name = Debug;
		};
		27E8C1B019DF0C0A00587143 /* Release */ = {
			isa = XCBuildConfiguration;
			buildSettings = {
				ALWAYS_SEARCH_USER_PATHS = NO;
				CLANG_CXX_LANGUAGE_STANDARD = "gnu++0x";
				CLANG_CXX_LIBRARY = "libc++";
				CLANG_ENABLE_MODULES = YES;
				CLANG_ENABLE_OBJC_ARC = YES;
				CLANG_WARN_BOOL_CONVERSION = YES;
				CLANG_WARN_CONSTANT_CONVERSION = YES;
				CLANG_WARN_DIRECT_OBJC_ISA_USAGE = YES_ERROR;
				CLANG_WARN_EMPTY_BODY = YES;
				CLANG_WARN_ENUM_CONVERSION = YES;
				CLANG_WARN_INT_CONVERSION = YES;
				CLANG_WARN_OBJC_ROOT_CLASS = YES_ERROR;
				CLANG_WARN_UNREACHABLE_CODE = YES;
				CLANG_WARN__DUPLICATE_METHOD_MATCH = YES;
				"CODE_SIGN_IDENTITY[sdk=iphoneos*]" = "iPhone Developer";
				COPY_PHASE_STRIP = YES;
				ENABLE_NS_ASSERTIONS = NO;
				ENABLE_STRICT_OBJC_MSGSEND = YES;
				GCC_C_LANGUAGE_STANDARD = gnu99;
				GCC_WARN_64_TO_32_BIT_CONVERSION = YES;
				GCC_WARN_ABOUT_RETURN_TYPE = YES_ERROR;
				GCC_WARN_UNDECLARED_SELECTOR = YES;
				GCC_WARN_UNINITIALIZED_AUTOS = YES_AGGRESSIVE;
				GCC_WARN_UNUSED_FUNCTION = YES;
				GCC_WARN_UNUSED_VARIABLE = YES;
				IPHONEOS_DEPLOYMENT_TARGET = 8.0;
				MTL_ENABLE_DEBUG_INFO = NO;
				SDKROOT = iphoneos;
				VALIDATE_PRODUCT = YES;
			};
			name = Release;
		};
		27E8C1B219DF0C0B00587143 /* Debug */ = {
			isa = XCBuildConfiguration;
			buildSettings = {
				ASSETCATALOG_COMPILER_APPICON_NAME = AppIcon;
				CLANG_ENABLE_MODULES = YES;
				INFOPLIST_FILE = TodoApp3/Info.plist;
				LD_RUNPATH_SEARCH_PATHS = "$(inherited) @executable_path/Frameworks";
				PRODUCT_NAME = "$(TARGET_NAME)";
				SWIFT_OBJC_BRIDGING_HEADER = "TodoApp3/TodoApp3-Bridging-Header.h";
				SWIFT_OPTIMIZATION_LEVEL = "-Onone";
			};
			name = Debug;
		};
		27E8C1B319DF0C0B00587143 /* Release */ = {
			isa = XCBuildConfiguration;
			buildSettings = {
				ASSETCATALOG_COMPILER_APPICON_NAME = AppIcon;
				CLANG_ENABLE_MODULES = YES;
				INFOPLIST_FILE = TodoApp3/Info.plist;
				LD_RUNPATH_SEARCH_PATHS = "$(inherited) @executable_path/Frameworks";
				PRODUCT_NAME = "$(TARGET_NAME)";
				SWIFT_OBJC_BRIDGING_HEADER = "TodoApp3/TodoApp3-Bridging-Header.h";
			};
			name = Release;
		};
		27E8C1B519DF0C0B00587143 /* Debug */ = {
			isa = XCBuildConfiguration;
			buildSettings = {
				BUNDLE_LOADER = "$(TEST_HOST)";
				FRAMEWORK_SEARCH_PATHS = (
					"$(SDKROOT)/Developer/Library/Frameworks",
					"$(inherited)",
				);
				GCC_PREPROCESSOR_DEFINITIONS = (
					"DEBUG=1",
					"$(inherited)",
				);
				INFOPLIST_FILE = TodoApp3Tests/Info.plist;
				LD_RUNPATH_SEARCH_PATHS = "$(inherited) @executable_path/Frameworks @loader_path/Frameworks";
				PRODUCT_NAME = "$(TARGET_NAME)";
				TEST_HOST = "$(BUILT_PRODUCTS_DIR)/TodoApp3.app/TodoApp3";
			};
			name = Debug;
		};
		27E8C1B619DF0C0B00587143 /* Release */ = {
			isa = XCBuildConfiguration;
			buildSettings = {
				BUNDLE_LOADER = "$(TEST_HOST)";
				FRAMEWORK_SEARCH_PATHS = (
					"$(SDKROOT)/Developer/Library/Frameworks",
					"$(inherited)",
				);
				INFOPLIST_FILE = TodoApp3Tests/Info.plist;
				LD_RUNPATH_SEARCH_PATHS = "$(inherited) @executable_path/Frameworks @loader_path/Frameworks";
				PRODUCT_NAME = "$(TARGET_NAME)";
				TEST_HOST = "$(BUILT_PRODUCTS_DIR)/TodoApp3.app/TodoApp3";
			};
			name = Release;
		};
/* End XCBuildConfiguration section */

/* Begin XCConfigurationList section */
		27E8C18D19DF0C0A00587143 /* Build configuration list for PBXProject "TodoApp3" */ = {
			isa = XCConfigurationList;
			buildConfigurations = (
				27E8C1AF19DF0C0A00587143 /* Debug */,
				27E8C1B019DF0C0A00587143 /* Release */,
			);
			defaultConfigurationIsVisible = 0;
			defaultConfigurationName = Release;
		};
		27E8C1B119DF0C0A00587143 /* Build configuration list for PBXNativeTarget "TodoApp3" */ = {
			isa = XCConfigurationList;
			buildConfigurations = (
				27E8C1B219DF0C0B00587143 /* Debug */,
				27E8C1B319DF0C0B00587143 /* Release */,
			);
			defaultConfigurationIsVisible = 0;
		};
		27E8C1B419DF0C0B00587143 /* Build configuration list for PBXNativeTarget "TodoApp3Tests" */ = {
			isa = XCConfigurationList;
			buildConfigurations = (
				27E8C1B519DF0C0B00587143 /* Debug */,
				27E8C1B619DF0C0B00587143 /* Release */,
			);
			defaultConfigurationIsVisible = 0;
		};
/* End XCConfigurationList section */
	};
	rootObject = 27E8C18A19DF0C0A00587143 /* Project object */;
}
